// !$*UTF8*$!
{
	archiveVersion = 1;
	classes = {
	};
	objectVersion = 50;
	objects = {

/* Begin PBXBuildFile section */
		05EC300C247199F800FAFCC9 /* AppDelegate.swift in Sources */ = {isa = PBXBuildFile; fileRef = 05EC300B247199F800FAFCC9 /* AppDelegate.swift */; };
		05EC300E247199F800FAFCC9 /* ViewController.swift in Sources */ = {isa = PBXBuildFile; fileRef = 05EC300D247199F800FAFCC9 /* ViewController.swift */; };
		05EC3011247199F800FAFCC9 /* Main.storyboard in Resources */ = {isa = PBXBuildFile; fileRef = 05EC300F247199F800FAFCC9 /* Main.storyboard */; };
		05EC3013247199FF00FAFCC9 /* Assets.xcassets in Resources */ = {isa = PBXBuildFile; fileRef = 05EC3012247199FF00FAFCC9 /* Assets.xcassets */; };
		05EC3016247199FF00FAFCC9 /* LaunchScreen.storyboard in Resources */ = {isa = PBXBuildFile; fileRef = 05EC3014247199FF00FAFCC9 /* LaunchScreen.storyboard */; };
		05EC302424719D5200FAFCC9 /* AppDelegate.swift in Sources */ = {isa = PBXBuildFile; fileRef = 05EC302324719D5200FAFCC9 /* AppDelegate.swift */; };
		05EC302624719D5200FAFCC9 /* ViewController.swift in Sources */ = {isa = PBXBuildFile; fileRef = 05EC302524719D5200FAFCC9 /* ViewController.swift */; };
		05EC302924719D5200FAFCC9 /* Main.storyboard in Resources */ = {isa = PBXBuildFile; fileRef = 05EC302724719D5200FAFCC9 /* Main.storyboard */; };
		05EC302E24719D5300FAFCC9 /* LaunchScreen.storyboard in Resources */ = {isa = PBXBuildFile; fileRef = 05EC302C24719D5300FAFCC9 /* LaunchScreen.storyboard */; };
		05EC303424719DB500FAFCC9 /* Assets.xcassets in Resources */ = {isa = PBXBuildFile; fileRef = 05EC3012247199FF00FAFCC9 /* Assets.xcassets */; };
/* End PBXBuildFile section */

/* Begin PBXFileReference section */
		05EC3008247199F800FAFCC9 /* Artable.app */ = {isa = PBXFileReference; explicitFileType = wrapper.application; includeInIndex = 0; path = Artable.app; sourceTree = BUILT_PRODUCTS_DIR; };
		05EC300B247199F800FAFCC9 /* AppDelegate.swift */ = {isa = PBXFileReference; lastKnownFileType = sourcecode.swift; path = AppDelegate.swift; sourceTree = "<group>"; };
		05EC300D247199F800FAFCC9 /* ViewController.swift */ = {isa = PBXFileReference; lastKnownFileType = sourcecode.swift; path = ViewController.swift; sourceTree = "<group>"; };
		05EC3010247199F800FAFCC9 /* Base */ = {isa = PBXFileReference; lastKnownFileType = file.storyboard; name = Base; path = Base.lproj/Main.storyboard; sourceTree = "<group>"; };
		05EC3012247199FF00FAFCC9 /* Assets.xcassets */ = {isa = PBXFileReference; lastKnownFileType = folder.assetcatalog; path = Assets.xcassets; sourceTree = "<group>"; };
		05EC3015247199FF00FAFCC9 /* Base */ = {isa = PBXFileReference; lastKnownFileType = file.storyboard; name = Base; path = Base.lproj/LaunchScreen.storyboard; sourceTree = "<group>"; };
		05EC3017247199FF00FAFCC9 /* Info.plist */ = {isa = PBXFileReference; lastKnownFileType = text.plist.xml; path = Info.plist; sourceTree = "<group>"; };
		05EC302124719D5200FAFCC9 /* ArtableAdmin.app */ = {isa = PBXFileReference; explicitFileType = wrapper.application; includeInIndex = 0; path = ArtableAdmin.app; sourceTree = BUILT_PRODUCTS_DIR; };
		05EC302324719D5200FAFCC9 /* AppDelegate.swift */ = {isa = PBXFileReference; lastKnownFileType = sourcecode.swift; path = AppDelegate.swift; sourceTree = "<group>"; };
		05EC302524719D5200FAFCC9 /* ViewController.swift */ = {isa = PBXFileReference; lastKnownFileType = sourcecode.swift; path = ViewController.swift; sourceTree = "<group>"; };
		05EC302824719D5200FAFCC9 /* Base */ = {isa = PBXFileReference; lastKnownFileType = file.storyboard; name = Base; path = Base.lproj/Main.storyboard; sourceTree = "<group>"; };
		05EC302D24719D5300FAFCC9 /* Base */ = {isa = PBXFileReference; lastKnownFileType = file.storyboard; name = Base; path = Base.lproj/LaunchScreen.storyboard; sourceTree = "<group>"; };
		05EC302F24719D5300FAFCC9 /* Info.plist */ = {isa = PBXFileReference; lastKnownFileType = text.plist.xml; path = Info.plist; sourceTree = "<group>"; };
/* End PBXFileReference section */

/* Begin PBXFrameworksBuildPhase section */
		05EC3005247199F800FAFCC9 /* Frameworks */ = {
			isa = PBXFrameworksBuildPhase;
			buildActionMask = 2147483647;
			files = (
			);
			runOnlyForDeploymentPostprocessing = 0;
		};
		05EC301E24719D5200FAFCC9 /* Frameworks */ = {
			isa = PBXFrameworksBuildPhase;
			buildActionMask = 2147483647;
			files = (
			);
			runOnlyForDeploymentPostprocessing = 0;
		};
/* End PBXFrameworksBuildPhase section */

/* Begin PBXGroup section */
		05EC2FFF247199F800FAFCC9 = {
			isa = PBXGroup;
			children = (
				05EC303324719D8D00FAFCC9 /* Shared */,
				05EC300A247199F800FAFCC9 /* Artable */,
				05EC302224719D5200FAFCC9 /* ArtableAdmin */,
				05EC3009247199F800FAFCC9 /* Products */,
			);
			sourceTree = "<group>";
		};
		05EC3009247199F800FAFCC9 /* Products */ = {
			isa = PBXGroup;
			children = (
				05EC3008247199F800FAFCC9 /* Artable.app */,
				05EC302124719D5200FAFCC9 /* ArtableAdmin.app */,
			);
			name = Products;
			sourceTree = "<group>";
		};
		05EC300A247199F800FAFCC9 /* Artable */ = {
			isa = PBXGroup;
			children = (
				05EC300B247199F800FAFCC9 /* AppDelegate.swift */,
				05EC300D247199F800FAFCC9 /* ViewController.swift */,
				05EC300F247199F800FAFCC9 /* Main.storyboard */,
				05EC3014247199FF00FAFCC9 /* LaunchScreen.storyboard */,
				05EC3017247199FF00FAFCC9 /* Info.plist */,
			);
			path = Artable;
			sourceTree = "<group>";
		};
		05EC302224719D5200FAFCC9 /* ArtableAdmin */ = {
			isa = PBXGroup;
			children = (
				05EC302324719D5200FAFCC9 /* AppDelegate.swift */,
				05EC302524719D5200FAFCC9 /* ViewController.swift */,
				05EC302724719D5200FAFCC9 /* Main.storyboard */,
				05EC302C24719D5300FAFCC9 /* LaunchScreen.storyboard */,
				05EC302F24719D5300FAFCC9 /* Info.plist */,
			);
			path = ArtableAdmin;
			sourceTree = "<group>";
		};
		05EC303324719D8D00FAFCC9 /* Shared */ = {
			isa = PBXGroup;
			children = (
				05EC3012247199FF00FAFCC9 /* Assets.xcassets */,
			);
			path = Shared;
			sourceTree = "<group>";
		};
/* End PBXGroup section */

/* Begin PBXNativeTarget section */
		05EC3007247199F800FAFCC9 /* Artable */ = {
			isa = PBXNativeTarget;
			buildConfigurationList = 05EC301A247199FF00FAFCC9 /* Build configuration list for PBXNativeTarget "Artable" */;
			buildPhases = (
				05EC3004247199F800FAFCC9 /* Sources */,
				05EC3005247199F800FAFCC9 /* Frameworks */,
				05EC3006247199F800FAFCC9 /* Resources */,
			);
			buildRules = (
			);
			dependencies = (
			);
			name = Artable;
			productName = Artable;
			productReference = 05EC3008247199F800FAFCC9 /* Artable.app */;
			productType = "com.apple.product-type.application";
		};
		05EC302024719D5200FAFCC9 /* ArtableAdmin */ = {
			isa = PBXNativeTarget;
			buildConfigurationList = 05EC303024719D5300FAFCC9 /* Build configuration list for PBXNativeTarget "ArtableAdmin" */;
			buildPhases = (
				05EC301D24719D5200FAFCC9 /* Sources */,
				05EC301E24719D5200FAFCC9 /* Frameworks */,
				05EC301F24719D5200FAFCC9 /* Resources */,
			);
			buildRules = (
			);
			dependencies = (
			);
			name = ArtableAdmin;
			productName = ArtableAdmin;
			productReference = 05EC302124719D5200FAFCC9 /* ArtableAdmin.app */;
			productType = "com.apple.product-type.application";
		};
/* End PBXNativeTarget section */

/* Begin PBXProject section */
		05EC3000247199F800FAFCC9 /* Project object */ = {
			isa = PBXProject;
			attributes = {
				LastSwiftUpdateCheck = 1000;
				LastUpgradeCheck = 1000;
				ORGANIZATIONNAME = Boedy;
				TargetAttributes = {
					05EC3007247199F800FAFCC9 = {
						CreatedOnToolsVersion = 10.0;
					};
					05EC302024719D5200FAFCC9 = {
						CreatedOnToolsVersion = 10.0;
					};
				};
			};
			buildConfigurationList = 05EC3003247199F800FAFCC9 /* Build configuration list for PBXProject "Artable" */;
			compatibilityVersion = "Xcode 9.3";
			developmentRegion = en;
			hasScannedForEncodings = 0;
			knownRegions = (
				en,
				Base,
			);
			mainGroup = 05EC2FFF247199F800FAFCC9;
			productRefGroup = 05EC3009247199F800FAFCC9 /* Products */;
			projectDirPath = "";
			projectRoot = "";
			targets = (
				05EC3007247199F800FAFCC9 /* Artable */,
				05EC302024719D5200FAFCC9 /* ArtableAdmin */,
			);
		};
/* End PBXProject section */

/* Begin PBXResourcesBuildPhase section */
		05EC3006247199F800FAFCC9 /* Resources */ = {
			isa = PBXResourcesBuildPhase;
			buildActionMask = 2147483647;
			files = (
				05EC3016247199FF00FAFCC9 /* LaunchScreen.storyboard in Resources */,
				05EC3013247199FF00FAFCC9 /* Assets.xcassets in Resources */,
				05EC3011247199F800FAFCC9 /* Main.storyboard in Resources */,
			);
			runOnlyForDeploymentPostprocessing = 0;
		};
		05EC301F24719D5200FAFCC9 /* Resources */ = {
			isa = PBXResourcesBuildPhase;
			buildActionMask = 2147483647;
			files = (
				05EC302E24719D5300FAFCC9 /* LaunchScreen.storyboard in Resources */,
				05EC303424719DB500FAFCC9 /* Assets.xcassets in Resources */,
				05EC302924719D5200FAFCC9 /* Main.storyboard in Resources */,
			);
			runOnlyForDeploymentPostprocessing = 0;
		};
/* End PBXResourcesBuildPhase section */

/* Begin PBXSourcesBuildPhase section */
		05EC3004247199F800FAFCC9 /* Sources */ = {
			isa = PBXSourcesBuildPhase;
			buildActionMask = 2147483647;
			files = (
				05EC300E247199F800FAFCC9 /* ViewController.swift in Sources */,
				05EC300C247199F800FAFCC9 /* AppDelegate.swift in Sources */,
			);
			runOnlyForDeploymentPostprocessing = 0;
		};
		05EC301D24719D5200FAFCC9 /* Sources */ = {
			isa = PBXSourcesBuildPhase;
			buildActionMask = 2147483647;
			files = (
				05EC302624719D5200FAFCC9 /* ViewController.swift in Sources */,
				05EC302424719D5200FAFCC9 /* AppDelegate.swift in Sources */,
			);
			runOnlyForDeploymentPostprocessing = 0;
		};
/* End PBXSourcesBuildPhase section */

/* Begin PBXVariantGroup section */
		05EC300F247199F800FAFCC9 /* Main.storyboard */ = {
			isa = PBXVariantGroup;
			children = (
				05EC3010247199F800FAFCC9 /* Base */,
			);
			name = Main.storyboard;
			sourceTree = "<group>";
		};
		05EC3014247199FF00FAFCC9 /* LaunchScreen.storyboard */ = {
			isa = PBXVariantGroup;
			children = (
				05EC3015247199FF00FAFCC9 /* Base */,
			);
			name = LaunchScreen.storyboard;
			sourceTree = "<group>";
		};
		05EC302724719D5200FAFCC9 /* Main.storyboard */ = {
			isa = PBXVariantGroup;
			children = (
				05EC302824719D5200FAFCC9 /* Base */,
			);
			name = Main.storyboard;
			sourceTree = "<group>";
		};
		05EC302C24719D5300FAFCC9 /* LaunchScreen.storyboard */ = {
			isa = PBXVariantGroup;
			children = (
				05EC302D24719D5300FAFCC9 /* Base */,
			);
			name = LaunchScreen.storyboard;
			sourceTree = "<group>";
		};
/* End PBXVariantGroup section */

/* Begin XCBuildConfiguration section */
		05EC3018247199FF00FAFCC9 /* Debug */ = {
			isa = XCBuildConfiguration;
			buildSettings = {
				ALWAYS_SEARCH_USER_PATHS = NO;
				CLANG_ANALYZER_NONNULL = YES;
				CLANG_ANALYZER_NUMBER_OBJECT_CONVERSION = YES_AGGRESSIVE;
				CLANG_CXX_LANGUAGE_STANDARD = "gnu++14";
				CLANG_CXX_LIBRARY = "libc++";
				CLANG_ENABLE_MODULES = YES;
				CLANG_ENABLE_OBJC_ARC = YES;
				CLANG_ENABLE_OBJC_WEAK = YES;
				CLANG_WARN_BLOCK_CAPTURE_AUTORELEASING = YES;
				CLANG_WARN_BOOL_CONVERSION = YES;
				CLANG_WARN_COMMA = YES;
				CLANG_WARN_CONSTANT_CONVERSION = YES;
				CLANG_WARN_DEPRECATED_OBJC_IMPLEMENTATIONS = YES;
				CLANG_WARN_DIRECT_OBJC_ISA_USAGE = YES_ERROR;
				CLANG_WARN_DOCUMENTATION_COMMENTS = YES;
				CLANG_WARN_EMPTY_BODY = YES;
				CLANG_WARN_ENUM_CONVERSION = YES;
				CLANG_WARN_INFINITE_RECURSION = YES;
				CLANG_WARN_INT_CONVERSION = YES;
				CLANG_WARN_NON_LITERAL_NULL_CONVERSION = YES;
				CLANG_WARN_OBJC_IMPLICIT_RETAIN_SELF = YES;
				CLANG_WARN_OBJC_LITERAL_CONVERSION = YES;
				CLANG_WARN_OBJC_ROOT_CLASS = YES_ERROR;
				CLANG_WARN_RANGE_LOOP_ANALYSIS = YES;
				CLANG_WARN_STRICT_PROTOTYPES = YES;
				CLANG_WARN_SUSPICIOUS_MOVE = YES;
				CLANG_WARN_UNGUARDED_AVAILABILITY = YES_AGGRESSIVE;
				CLANG_WARN_UNREACHABLE_CODE = YES;
				CLANG_WARN__DUPLICATE_METHOD_MATCH = YES;
				CODE_SIGN_IDENTITY = "iPhone Developer";
				COPY_PHASE_STRIP = NO;
				DEBUG_INFORMATION_FORMAT = dwarf;
				ENABLE_STRICT_OBJC_MSGSEND = YES;
				ENABLE_TESTABILITY = YES;
				GCC_C_LANGUAGE_STANDARD = gnu11;
				GCC_DYNAMIC_NO_PIC = NO;
				GCC_NO_COMMON_BLOCKS = YES;
				GCC_OPTIMIZATION_LEVEL = 0;
				GCC_PREPROCESSOR_DEFINITIONS = (
					"DEBUG=1",
					"$(inherited)",
				);
				GCC_WARN_64_TO_32_BIT_CONVERSION = YES;
				GCC_WARN_ABOUT_RETURN_TYPE = YES_ERROR;
				GCC_WARN_UNDECLARED_SELECTOR = YES;
				GCC_WARN_UNINITIALIZED_AUTOS = YES_AGGRESSIVE;
				GCC_WARN_UNUSED_FUNCTION = YES;
				GCC_WARN_UNUSED_VARIABLE = YES;
				IPHONEOS_DEPLOYMENT_TARGET = 12.0;
				MTL_ENABLE_DEBUG_INFO = INCLUDE_SOURCE;
				MTL_FAST_MATH = YES;
				ONLY_ACTIVE_ARCH = YES;
				SDKROOT = iphoneos;
				SWIFT_ACTIVE_COMPILATION_CONDITIONS = DEBUG;
				SWIFT_OPTIMIZATION_LEVEL = "-Onone";
			};
			name = Debug;
		};
		05EC3019247199FF00FAFCC9 /* Release */ = {
			isa = XCBuildConfiguration;
			buildSettings = {
				ALWAYS_SEARCH_USER_PATHS = NO;
				CLANG_ANALYZER_NONNULL = YES;
				CLANG_ANALYZER_NUMBER_OBJECT_CONVERSION = YES_AGGRESSIVE;
				CLANG_CXX_LANGUAGE_STANDARD = "gnu++14";
				CLANG_CXX_LIBRARY = "libc++";
				CLANG_ENABLE_MODULES = YES;
				CLANG_ENABLE_OBJC_ARC = YES;
				CLANG_ENABLE_OBJC_WEAK = YES;
				CLANG_WARN_BLOCK_CAPTURE_AUTORELEASING = YES;
				CLANG_WARN_BOOL_CONVERSION = YES;
				CLANG_WARN_COMMA = YES;
				CLANG_WARN_CONSTANT_CONVERSION = YES;
				CLANG_WARN_DEPRECATED_OBJC_IMPLEMENTATIONS = YES;
				CLANG_WARN_DIRECT_OBJC_ISA_USAGE = YES_ERROR;
				CLANG_WARN_DOCUMENTATION_COMMENTS = YES;
				CLANG_WARN_EMPTY_BODY = YES;
				CLANG_WARN_ENUM_CONVERSION = YES;
				CLANG_WARN_INFINITE_RECURSION = YES;
				CLANG_WARN_INT_CONVERSION = YES;
				CLANG_WARN_NON_LITERAL_NULL_CONVERSION = YES;
				CLANG_WARN_OBJC_IMPLICIT_RETAIN_SELF = YES;
				CLANG_WARN_OBJC_LITERAL_CONVERSION = YES;
				CLANG_WARN_OBJC_ROOT_CLASS = YES_ERROR;
				CLANG_WARN_RANGE_LOOP_ANALYSIS = YES;
				CLANG_WARN_STRICT_PROTOTYPES = YES;
				CLANG_WARN_SUSPICIOUS_MOVE = YES;
				CLANG_WARN_UNGUARDED_AVAILABILITY = YES_AGGRESSIVE;
				CLANG_WARN_UNREACHABLE_CODE = YES;
				CLANG_WARN__DUPLICATE_METHOD_MATCH = YES;
				CODE_SIGN_IDENTITY = "iPhone Developer";
				COPY_PHASE_STRIP = NO;
				DEBUG_INFORMATION_FORMAT = "dwarf-with-dsym";
				ENABLE_NS_ASSERTIONS = NO;
				ENABLE_STRICT_OBJC_MSGSEND = YES;
				GCC_C_LANGUAGE_STANDARD = gnu11;
				GCC_NO_COMMON_BLOCKS = YES;
				GCC_WARN_64_TO_32_BIT_CONVERSION = YES;
				GCC_WARN_ABOUT_RETURN_TYPE = YES_ERROR;
				GCC_WARN_UNDECLARED_SELECTOR = YES;
				GCC_WARN_UNINITIALIZED_AUTOS = YES_AGGRESSIVE;
				GCC_WARN_UNUSED_FUNCTION = YES;
				GCC_WARN_UNUSED_VARIABLE = YES;
				IPHONEOS_DEPLOYMENT_TARGET = 12.0;
				MTL_ENABLE_DEBUG_INFO = NO;
				MTL_FAST_MATH = YES;
				SDKROOT = iphoneos;
				SWIFT_COMPILATION_MODE = wholemodule;
				SWIFT_OPTIMIZATION_LEVEL = "-O";
				VALIDATE_PRODUCT = YES;
			};
			name = Release;
		};
		05EC301B247199FF00FAFCC9 /* Debug */ = {
			isa = XCBuildConfiguration;
			buildSettings = {
				ASSETCATALOG_COMPILER_APPICON_NAME = AppIcon;
				CODE_SIGN_STYLE = Automatic;
				INFOPLIST_FILE = Artable/Info.plist;
				LD_RUNPATH_SEARCH_PATHS = (
					"$(inherited)",
					"@executable_path/Frameworks",
				);
				PRODUCT_BUNDLE_IDENTIFIER = com.idubs.Artable;
				PRODUCT_NAME = "$(TARGET_NAME)";
				SWIFT_VERSION = 4.2;
				TARGETED_DEVICE_FAMILY = "1,2";
			};
			name = Debug;
		};
		05EC301C247199FF00FAFCC9 /* Release */ = {
			isa = XCBuildConfiguration;
			buildSettings = {
				ASSETCATALOG_COMPILER_APPICON_NAME = AppIcon;
				CODE_SIGN_STYLE = Automatic;
				INFOPLIST_FILE = Artable/Info.plist;
				LD_RUNPATH_SEARCH_PATHS = (
					"$(inherited)",
					"@executable_path/Frameworks",
				);
				PRODUCT_BUNDLE_IDENTIFIER = com.idubs.Artable;
				PRODUCT_NAME = "$(TARGET_NAME)";
				SWIFT_VERSION = 4.2;
				TARGETED_DEVICE_FAMILY = "1,2";
			};
			name = Release;
		};
		05EC303124719D5300FAFCC9 /* Debug */ = {
			isa = XCBuildConfiguration;
			buildSettings = {
				ASSETCATALOG_COMPILER_APPICON_NAME = AppIcon;
				CODE_SIGN_STYLE = Automatic;
				INFOPLIST_FILE = ArtableAdmin/Info.plist;
				LD_RUNPATH_SEARCH_PATHS = (
					"$(inherited)",
					"@executable_path/Frameworks",
				);
				PRODUCT_BUNDLE_IDENTIFIER = com.idubs.ArtableAdmin;
				PRODUCT_NAME = "$(TARGET_NAME)";
				SWIFT_VERSION = 4.2;
				TARGETED_DEVICE_FAMILY = "1,2";
			};
			name = Debug;
		};
		05EC303224719D5300FAFCC9 /* Release */ = {
			isa = XCBuildConfiguration;
			buildSettings = {
				ASSETCATALOG_COMPILER_APPICON_NAME = AppIcon;
				CODE_SIGN_STYLE = Automatic;
				INFOPLIST_FILE = ArtableAdmin/Info.plist;
				LD_RUNPATH_SEARCH_PATHS = (
					"$(inherited)",
					"@executable_path/Frameworks",
				);
				PRODUCT_BUNDLE_IDENTIFIER = com.idubs.ArtableAdmin;
				PRODUCT_NAME = "$(TARGET_NAME)";
				SWIFT_VERSION = 4.2;
				TARGETED_DEVICE_FAMILY = "1,2";
			};
			name = Release;
		};
/* End XCBuildConfiguration section */

/* Begin XCConfigurationList section */
		05EC3003247199F800FAFCC9 /* Build configuration list for PBXProject "Artable" */ = {
			isa = XCConfigurationList;
			buildConfigurations = (
				05EC3018247199FF00FAFCC9 /* Debug */,
				05EC3019247199FF00FAFCC9 /* Release */,
			);
			defaultConfigurationIsVisible = 0;
			defaultConfigurationName = Release;
		};
		05EC301A247199FF00FAFCC9 /* Build configuration list for PBXNativeTarget "Artable" */ = {
			isa = XCConfigurationList;
			buildConfigurations = (
				05EC301B247199FF00FAFCC9 /* Debug */,
				05EC301C247199FF00FAFCC9 /* Release */,
			);
			defaultConfigurationIsVisible = 0;
			defaultConfigurationName = Release;
		};
		05EC303024719D5300FAFCC9 /* Build configuration list for PBXNativeTarget "ArtableAdmin" */ = {
			isa = XCConfigurationList;
			buildConfigurations = (
				05EC303124719D5300FAFCC9 /* Debug */,
				05EC303224719D5300FAFCC9 /* Release */,
			);
			defaultConfigurationIsVisible = 0;
			defaultConfigurationName = Release;
		};
/* End XCConfigurationList section */
	};
	rootObject = 05EC3000247199F800FAFCC9 /* Project object */;
}
